
Microsoft Visual Studio Solution File, Format Version 12.00
# Visual Studio Version 17
VisualStudioVersion = 17.10.35122.118
MinimumVisualStudioVersion = 10.0.40219.1
Project("{9A19103F-16F7-4668-BE54-9A1E7A4F7556}") = "WritersBlockAPI", "src\WritersBlockAPI.csproj", "{584569B8-8CF6-4D16-9CE0-1AE5454689A1}"
EndProject
Project("{2150E333-8FDC-42A3-9474-1A3956D46DE8}") = "src", "src", "{AD2D896E-EE26-4418-97FF-01A22B55C755}"
EndProject
Global
	GlobalSection(SolutionConfigurationPlatforms) = preSolution
		Debug|Any CPU = Debug|Any CPU
		Release|Any CPU = Release|Any CPU
	EndGlobalSection
	GlobalSection(ProjectConfigurationPlatforms) = postSolution
		{584569B8-8CF6-4D16-9CE0-1AE5454689A1}.Debug|Any CPU.ActiveCfg = Debug|Any CPU
		{584569B8-8CF6-4D16-9CE0-1AE5454689A1}.Debug|Any CPU.Build.0 = Debug|Any CPU
		{584569B8-8CF6-4D16-9CE0-1AE5454689A1}.Release|Any CPU.ActiveCfg = Release|Any CPU
		{584569B8-8CF6-4D16-9CE0-1AE5454689A1}.Release|Any CPU.Build.0 = Release|Any CPU
	EndGlobalSection
	GlobalSection(SolutionProperties) = preSolution
		HideSolutionNode = FALSE
	EndGlobalSection
	GlobalSection(NestedProjects) = preSolution
		{584569B8-8CF6-4D16-9CE0-1AE5454689A1} = {AD2D896E-EE26-4418-97FF-01A22B55C755}
	EndGlobalSection
	GlobalSection(ExtensibilityGlobals) = postSolution
		SolutionGuid = {47FD231E-3B16-4CFC-8497-D3A88EDE3A1A}
	EndGlobalSection
EndGlobal
